
Microsoft Visual Studio Solution File, Format Version 12.00
# Visual Studio Version 17
VisualStudioVersion = 17.2.32616.157
MinimumVisualStudioVersion = 10.0.40219.1
Project("{FAE04EC0-301F-11D3-BF4B-00C04F79EFBC}") = "ElementFlashCard.Mobile", "ElementFlashCard.Mobile\ElementFlashCard.Mobile.csproj", "{3EE04450-DA91-4AC3-9A8A-AD7CD4227837}"
EndProject
Global
	GlobalSection(SolutionConfigurationPlatforms) = preSolution
		Debug|Any CPU = Debug|Any CPU
		Debug|iPhone = Debug|iPhone
		Debug|iPhoneSimulator = Debug|iPhoneSimulator
		Release|Any CPU = Release|Any CPU
		Release|iPhone = Release|iPhone
		Release|iPhoneSimulator = Release|iPhoneSimulator
	EndGlobalSection
	GlobalSection(ProjectConfigurationPlatforms) = postSolution
		{3EE04450-DA91-4AC3-9A8A-AD7CD4227837}.Debug|Any CPU.ActiveCfg = Debug|Any CPU
		{3EE04450-DA91-4AC3-9A8A-AD7CD4227837}.Debug|Any CPU.Build.0 = Debug|Any CPU
		{3EE04450-DA91-4AC3-9A8A-AD7CD4227837}.Debug|Any CPU.Deploy.0 = Debug|Any CPU
		{3EE04450-DA91-4AC3-9A8A-AD7CD4227837}.Debug|iPhone.ActiveCfg = Debug|Any CPU
		{3EE04450-DA91-4AC3-9A8A-AD7CD4227837}.Debug|iPhone.Build.0 = Debug|Any CPU
		{3EE04450-DA91-4AC3-9A8A-AD7CD4227837}.Debug|iPhoneSimulator.ActiveCfg = Debug|Any CPU
		{3EE04450-DA91-4AC3-9A8A-AD7CD4227837}.Debug|iPhoneSimulator.Build.0 = Debug|Any CPU
		{3EE04450-DA91-4AC3-9A8A-AD7CD4227837}.Release|Any CPU.ActiveCfg = Release|Any CPU
		{3EE04450-DA91-4AC3-9A8A-AD7CD4227837}.Release|Any CPU.Build.0 = Release|Any CPU
		{3EE04450-DA91-4AC3-9A8A-AD7CD4227837}.Release|Any CPU.Deploy.0 = Release|Any CPU
		{3EE04450-DA91-4AC3-9A8A-AD7CD4227837}.Release|iPhone.ActiveCfg = Release|Any CPU
		{3EE04450-DA91-4AC3-9A8A-AD7CD4227837}.Release|iPhone.Build.0 = Release|Any CPU
		{3EE04450-DA91-4AC3-9A8A-AD7CD4227837}.Release|iPhoneSimulator.ActiveCfg = Release|Any CPU
		{3EE04450-DA91-4AC3-9A8A-AD7CD4227837}.Release|iPhoneSimulator.Build.0 = Release|Any CPU
	EndGlobalSection
	GlobalSection(SolutionProperties) = preSolution
		HideSolutionNode = FALSE
	EndGlobalSection
	GlobalSection(ExtensibilityGlobals) = postSolution
		SolutionGuid = {E6CEEB0C-6B4E-4FEC-B66D-AD8C8A64C742}
	EndGlobalSection
EndGlobal
